// !$*UTF8*$!
{
	archiveVersion = 1;
	classes = {
	};
	objectVersion = 46;
	objects = {

/* Begin PBXBuildFile section */
		C3F81439166A08170039AB7E /* main.cpp in Sources */ = {isa = PBXBuildFile; fileRef = C3F81438166A08170039AB7E /* main.cpp */; };
		C3F8143B166A08170039AB7E /* LeapMIDIX.1 in CopyFiles */ = {isa = PBXBuildFile; fileRef = C3F8143A166A08170039AB7E /* LeapMIDIX.1 */; };
		C3F81443166A08780039AB7E /* LeapMIDIXDevice.cpp in Sources */ = {isa = PBXBuildFile; fileRef = C3F81441166A08780039AB7E /* LeapMIDIXDevice.cpp */; };
		C3F81445166A08A10039AB7E /* CoreMIDI.framework in Frameworks */ = {isa = PBXBuildFile; fileRef = C3F81444166A08A10039AB7E /* CoreMIDI.framework */; };
		C3F81447166A08B50039AB7E /* CoreFoundation.framework in Frameworks */ = {isa = PBXBuildFile; fileRef = C3F81446166A08B50039AB7E /* CoreFoundation.framework */; };
/* End PBXBuildFile section */

/* Begin PBXCopyFilesBuildPhase section */
		C3F81432166A08170039AB7E /* CopyFiles */ = {
			isa = PBXCopyFilesBuildPhase;
			buildActionMask = 2147483647;
			dstPath = /usr/share/man/man1/;
			dstSubfolderSpec = 0;
			files = (
				C3F8143B166A08170039AB7E /* LeapMIDIX.1 in CopyFiles */,
			);
			runOnlyForDeploymentPostprocessing = 1;
		};
/* End PBXCopyFilesBuildPhase section */

/* Begin PBXFileReference section */
		C3F81434166A08170039AB7E /* LeapMIDIX */ = {isa = PBXFileReference; explicitFileType = "compiled.mach-o.executable"; includeInIndex = 0; path = LeapMIDIX; sourceTree = BUILT_PRODUCTS_DIR; };
		C3F81438166A08170039AB7E /* main.cpp */ = {isa = PBXFileReference; lastKnownFileType = sourcecode.cpp.cpp; path = main.cpp; sourceTree = "<group>"; };
		C3F8143A166A08170039AB7E /* LeapMIDIX.1 */ = {isa = PBXFileReference; lastKnownFileType = text.man; path = LeapMIDIX.1; sourceTree = "<group>"; };
		C3F81441166A08780039AB7E /* LeapMIDIXDevice.cpp */ = {isa = PBXFileReference; fileEncoding = 4; lastKnownFileType = sourcecode.cpp.cpp; path = LeapMIDIXDevice.cpp; sourceTree = "<group>"; };
		C3F81442166A08780039AB7E /* LeapMIDIXDevice.h */ = {isa = PBXFileReference; fileEncoding = 4; lastKnownFileType = sourcecode.c.h; path = LeapMIDIXDevice.h; sourceTree = "<group>"; };
		C3F81444166A08A10039AB7E /* CoreMIDI.framework */ = {isa = PBXFileReference; lastKnownFileType = wrapper.framework; name = CoreMIDI.framework; path = System/Library/Frameworks/CoreMIDI.framework; sourceTree = SDKROOT; };
		C3F81446166A08B50039AB7E /* CoreFoundation.framework */ = {isa = PBXFileReference; lastKnownFileType = wrapper.framework; name = CoreFoundation.framework; path = System/Library/Frameworks/CoreFoundation.framework; sourceTree = SDKROOT; };
/* End PBXFileReference section */

/* Begin PBXFrameworksBuildPhase section */
		C3F81431166A08170039AB7E /* Frameworks */ = {
			isa = PBXFrameworksBuildPhase;
			buildActionMask = 2147483647;
			files = (
				C3F81447166A08B50039AB7E /* CoreFoundation.framework in Frameworks */,
				C3F81445166A08A10039AB7E /* CoreMIDI.framework in Frameworks */,
			);
			runOnlyForDeploymentPostprocessing = 0;
		};
/* End PBXFrameworksBuildPhase section */

/* Begin PBXGroup section */
		C3F81429166A08170039AB7E = {
			isa = PBXGroup;
			children = (
				C3F81446166A08B50039AB7E /* CoreFoundation.framework */,
				C3F81444166A08A10039AB7E /* CoreMIDI.framework */,
				C3F81437166A08170039AB7E /* LeapMIDIX */,
				C3F81435166A08170039AB7E /* Products */,
			);
			sourceTree = "<group>";
		};
		C3F81435166A08170039AB7E /* Products */ = {
			isa = PBXGroup;
			children = (
				C3F81434166A08170039AB7E /* LeapMIDIX */,
			);
			name = Products;
			sourceTree = "<group>";
		};
		C3F81437166A08170039AB7E /* LeapMIDIX */ = {
			isa = PBXGroup;
			children = (
				C3F81441166A08780039AB7E /* LeapMIDIXDevice.cpp */,
				C3F81442166A08780039AB7E /* LeapMIDIXDevice.h */,
				C3F81438166A08170039AB7E /* main.cpp */,
				C3F8143A166A08170039AB7E /* LeapMIDIX.1 */,
			);
			path = LeapMIDIX;
			sourceTree = "<group>";
		};
/* End PBXGroup section */

/* Begin PBXNativeTarget section */
		C3F81433166A08170039AB7E /* LeapMIDIX */ = {
			isa = PBXNativeTarget;
			buildConfigurationList = C3F8143E166A08170039AB7E /* Build configuration list for PBXNativeTarget "LeapMIDIX" */;
			buildPhases = (
				C3F81430166A08170039AB7E /* Sources */,
				C3F81431166A08170039AB7E /* Frameworks */,
				C3F81432166A08170039AB7E /* CopyFiles */,
			);
			buildRules = (
			);
			dependencies = (
			);
			name = LeapMIDIX;
			productName = LeapMIDIX;
			productReference = C3F81434166A08170039AB7E /* LeapMIDIX */;
			productType = "com.apple.product-type.tool";
		};
/* End PBXNativeTarget section */

/* Begin PBXProject section */
		C3F8142B166A08170039AB7E /* Project object */ = {
			isa = PBXProject;
			attributes = {
				LastUpgradeCheck = 0450;
				ORGANIZATIONNAME = "DBA int80";
			};
			buildConfigurationList = C3F8142E166A08170039AB7E /* Build configuration list for PBXProject "LeapMIDIX" */;
			compatibilityVersion = "Xcode 3.2";
			developmentRegion = English;
			hasScannedForEncodings = 0;
			knownRegions = (
				en,
			);
			mainGroup = C3F81429166A08170039AB7E;
			productRefGroup = C3F81435166A08170039AB7E /* Products */;
			projectDirPath = "";
			projectRoot = "";
			targets = (
				C3F81433166A08170039AB7E /* LeapMIDIX */,
			);
		};
/* End PBXProject section */

/* Begin PBXSourcesBuildPhase section */
		C3F81430166A08170039AB7E /* Sources */ = {
			isa = PBXSourcesBuildPhase;
			buildActionMask = 2147483647;
			files = (
				C3F81439166A08170039AB7E /* main.cpp in Sources */,
				C3F81443166A08780039AB7E /* LeapMIDIXDevice.cpp in Sources */,
			);
			runOnlyForDeploymentPostprocessing = 0;
		};
/* End PBXSourcesBuildPhase section */

/* Begin XCBuildConfiguration section */
		C3F8143C166A08170039AB7E /* Debug */ = {
			isa = XCBuildConfiguration;
			buildSettings = {
				ALWAYS_SEARCH_USER_PATHS = NO;
				ARCHS = "$(ARCHS_STANDARD_64_BIT)";
				CLANG_CXX_LANGUAGE_STANDARD = "gnu++0x";
				CLANG_CXX_LIBRARY = "libc++";
				CLANG_WARN_EMPTY_BODY = YES;
				CLANG_WARN__DUPLICATE_METHOD_MATCH = YES;
				COPY_PHASE_STRIP = NO;
				GCC_C_LANGUAGE_STANDARD = gnu99;
				GCC_DYNAMIC_NO_PIC = NO;
				GCC_ENABLE_OBJC_EXCEPTIONS = YES;
				GCC_OPTIMIZATION_LEVEL = 0;
				GCC_PREPROCESSOR_DEFINITIONS = (
					"DEBUG=1",
					"$(inherited)",
				);
				GCC_SYMBOLS_PRIVATE_EXTERN = NO;
				GCC_WARN_64_TO_32_BIT_CONVERSION = YES;
				GCC_WARN_ABOUT_RETURN_TYPE = YES;
				GCC_WARN_UNINITIALIZED_AUTOS = YES;
				GCC_WARN_UNUSED_VARIABLE = YES;
				MACOSX_DEPLOYMENT_TARGET = 10.7;
				ONLY_ACTIVE_ARCH = YES;
				SDKROOT = macosx;
			};
			name = Debug;
		};
		C3F8143D166A08170039AB7E /* Release */ = {
			isa = XCBuildConfiguration;
			buildSettings = {
				ALWAYS_SEARCH_USER_PATHS = NO;
				ARCHS = "$(ARCHS_STANDARD_64_BIT)";
				CLANG_CXX_LANGUAGE_STANDARD = "gnu++0x";
				CLANG_CXX_LIBRARY = "libc++";
				CLANG_WARN_EMPTY_BODY = YES;
				CLANG_WARN__DUPLICATE_METHOD_MATCH = YES;
				COPY_PHASE_STRIP = YES;
				DEBUG_INFORMATION_FORMAT = "dwarf-with-dsym";
				GCC_C_LANGUAGE_STANDARD = gnu99;
				GCC_ENABLE_OBJC_EXCEPTIONS = YES;
				GCC_WARN_64_TO_32_BIT_CONVERSION = YES;
				GCC_WARN_ABOUT_RETURN_TYPE = YES;
				GCC_WARN_UNINITIALIZED_AUTOS = YES;
				GCC_WARN_UNUSED_VARIABLE = YES;
				MACOSX_DEPLOYMENT_TARGET = 10.7;
				SDKROOT = macosx;
			};
			name = Release;
		};
		C3F8143F166A08170039AB7E /* Debug */ = {
			isa = XCBuildConfiguration;
			buildSettings = {
				PRODUCT_NAME = "$(TARGET_NAME)";
			};
			name = Debug;
		};
		C3F81440166A08170039AB7E /* Release */ = {
			isa = XCBuildConfiguration;
			buildSettings = {
				PRODUCT_NAME = "$(TARGET_NAME)";
			};
			name = Release;
		};
/* End XCBuildConfiguration section */

/* Begin XCConfigurationList section */
		C3F8142E166A08170039AB7E /* Build configuration list for PBXProject "LeapMIDIX" */ = {
			isa = XCConfigurationList;
			buildConfigurations = (
				C3F8143C166A08170039AB7E /* Debug */,
				C3F8143D166A08170039AB7E /* Release */,
			);
			defaultConfigurationIsVisible = 0;
			defaultConfigurationName = Release;
		};
		C3F8143E166A08170039AB7E /* Build configuration list for PBXNativeTarget "LeapMIDIX" */ = {
			isa = XCConfigurationList;
			buildConfigurations = (
				C3F8143F166A08170039AB7E /* Debug */,
				C3F81440166A08170039AB7E /* Release */,
			);
			defaultConfigurationIsVisible = 0;
		};
/* End XCConfigurationList section */
	};
	rootObject = C3F8142B166A08170039AB7E /* Project object */;
}
